
Microsoft Visual Studio Solution File, Format Version 12.00
Project("{FAE04EC0-301F-11D3-BF4B-00C04F79EFBC}") = "Executor", "app\Executor\Executor.csproj", "{BD848B31-4CCC-4616-9071-BA414136F104}"
EndProject
Project("{FAE04EC0-301F-11D3-BF4B-00C04F79EFBC}") = "Biblioteca", "app\Biblioteca\Biblioteca.csproj", "{22CF5D7D-04AA-4E95-B431-42D6282906B1}"
EndProject
Project("{2150E333-8FDC-42A3-9474-1A3956D46DE8}") = "Testes", "Testes", "{50AB0E22-76A8-41D4-83A2-F0BF6D26DCFD}"
EndProject
Project("{FAE04EC0-301F-11D3-BF4B-00C04F79EFBC}") = "Testes", "testes\Testes\Testes.csproj", "{2406356C-445E-4706-967C-1A611B20F8C6}"
EndProject
Global
	GlobalSection(SolutionConfigurationPlatforms) = preSolution
		Debug|x86 = Debug|x86
		Release|x86 = Release|x86
	EndGlobalSection
	GlobalSection(ProjectConfigurationPlatforms) = postSolution
		{22CF5D7D-04AA-4E95-B431-42D6282906B1}.Debug|x86.ActiveCfg = Debug|x86
		{22CF5D7D-04AA-4E95-B431-42D6282906B1}.Debug|x86.Build.0 = Debug|x86
		{22CF5D7D-04AA-4E95-B431-42D6282906B1}.Release|x86.ActiveCfg = Release|x86
		{22CF5D7D-04AA-4E95-B431-42D6282906B1}.Release|x86.Build.0 = Release|x86
		{BD848B31-4CCC-4616-9071-BA414136F104}.Debug|x86.ActiveCfg = Debug|x86
		{BD848B31-4CCC-4616-9071-BA414136F104}.Debug|x86.Build.0 = Debug|x86
		{BD848B31-4CCC-4616-9071-BA414136F104}.Release|x86.ActiveCfg = Release|x86
		{BD848B31-4CCC-4616-9071-BA414136F104}.Release|x86.Build.0 = Release|x86
		{2406356C-445E-4706-967C-1A611B20F8C6}.Debug|x86.ActiveCfg = Debug|x86
		{2406356C-445E-4706-967C-1A611B20F8C6}.Debug|x86.Build.0 = Debug|x86
		{2406356C-445E-4706-967C-1A611B20F8C6}.Release|x86.ActiveCfg = Release|x86
		{2406356C-445E-4706-967C-1A611B20F8C6}.Release|x86.Build.0 = Release|x86
	EndGlobalSection
	GlobalSection(NestedProjects) = preSolution
		{2406356C-445E-4706-967C-1A611B20F8C6} = {50AB0E22-76A8-41D4-83A2-F0BF6D26DCFD}
	EndGlobalSection
EndGlobal
